// !$*UTF8*$!
{
	archiveVersion = 1;
	classes = {
	};
	objectVersion = 50;
	objects = {

/* Begin PBXBuildFile section */
		340E501E2212163600C06B88 /* AppDelegate.m in Sources */ = {isa = PBXBuildFile; fileRef = 340E501D2212163600C06B88 /* AppDelegate.m */; };
		340E50242212163600C06B88 /* Main.storyboard in Resources */ = {isa = PBXBuildFile; fileRef = 340E50222212163600C06B88 /* Main.storyboard */; };
		340E50262212163700C06B88 /* Assets.xcassets in Resources */ = {isa = PBXBuildFile; fileRef = 340E50252212163700C06B88 /* Assets.xcassets */; };
		340E50292212163700C06B88 /* LaunchScreen.storyboard in Resources */ = {isa = PBXBuildFile; fileRef = 340E50272212163700C06B88 /* LaunchScreen.storyboard */; };
		340E502C2212163700C06B88 /* main.m in Sources */ = {isa = PBXBuildFile; fileRef = 340E502B2212163700C06B88 /* main.m */; };
		340E50342212164800C06B88 /* DVMEntryController.m in Sources */ = {isa = PBXBuildFile; fileRef = 340E50332212164800C06B88 /* DVMEntryController.m */; };
		340E50372212167100C06B88 /* DVMEntry.m in Sources */ = {isa = PBXBuildFile; fileRef = 340E50362212167100C06B88 /* DVMEntry.m */; };
		340E503A221216D000C06B88 /* EntriesTableViewController.m in Sources */ = {isa = PBXBuildFile; fileRef = 340E5039221216D000C06B88 /* EntriesTableViewController.m */; };
		340E504122121F0D00C06B88 /* EntryDetailViewController.m in Sources */ = {isa = PBXBuildFile; fileRef = 340E504022121F0D00C06B88 /* EntryDetailViewController.m */; };
/* End PBXBuildFile section */

/* Begin PBXFileReference section */
		340E50192212163600C06B88 /* JournalC.app */ = {isa = PBXFileReference; explicitFileType = wrapper.application; includeInIndex = 0; path = JournalC.app; sourceTree = BUILT_PRODUCTS_DIR; };
		340E501C2212163600C06B88 /* AppDelegate.h */ = {isa = PBXFileReference; lastKnownFileType = sourcecode.c.h; path = AppDelegate.h; sourceTree = "<group>"; };
		340E501D2212163600C06B88 /* AppDelegate.m */ = {isa = PBXFileReference; lastKnownFileType = sourcecode.c.objc; path = AppDelegate.m; sourceTree = "<group>"; };
		340E50232212163600C06B88 /* Base */ = {isa = PBXFileReference; lastKnownFileType = file.storyboard; name = Base; path = Base.lproj/Main.storyboard; sourceTree = "<group>"; };
		340E50252212163700C06B88 /* Assets.xcassets */ = {isa = PBXFileReference; lastKnownFileType = folder.assetcatalog; path = Assets.xcassets; sourceTree = "<group>"; };
		340E50282212163700C06B88 /* Base */ = {isa = PBXFileReference; lastKnownFileType = file.storyboard; name = Base; path = Base.lproj/LaunchScreen.storyboard; sourceTree = "<group>"; };
		340E502A2212163700C06B88 /* Info.plist */ = {isa = PBXFileReference; lastKnownFileType = text.plist.xml; path = Info.plist; sourceTree = "<group>"; };
		340E502B2212163700C06B88 /* main.m */ = {isa = PBXFileReference; lastKnownFileType = sourcecode.c.objc; path = main.m; sourceTree = "<group>"; };
		340E50322212164800C06B88 /* DVMEntryController.h */ = {isa = PBXFileReference; lastKnownFileType = sourcecode.c.h; path = DVMEntryController.h; sourceTree = "<group>"; };
		340E50332212164800C06B88 /* DVMEntryController.m */ = {isa = PBXFileReference; lastKnownFileType = sourcecode.c.objc; path = DVMEntryController.m; sourceTree = "<group>"; };
		340E50352212167100C06B88 /* DVMEntry.h */ = {isa = PBXFileReference; lastKnownFileType = sourcecode.c.h; path = DVMEntry.h; sourceTree = "<group>"; };
		340E50362212167100C06B88 /* DVMEntry.m */ = {isa = PBXFileReference; lastKnownFileType = sourcecode.c.objc; path = DVMEntry.m; sourceTree = "<group>"; };
		340E5038221216D000C06B88 /* EntriesTableViewController.h */ = {isa = PBXFileReference; lastKnownFileType = sourcecode.c.h; path = EntriesTableViewController.h; sourceTree = "<group>"; };
		340E5039221216D000C06B88 /* EntriesTableViewController.m */ = {isa = PBXFileReference; lastKnownFileType = sourcecode.c.objc; path = EntriesTableViewController.m; sourceTree = "<group>"; };
		340E503F22121F0D00C06B88 /* EntryDetailViewController.h */ = {isa = PBXFileReference; lastKnownFileType = sourcecode.c.h; path = EntryDetailViewController.h; sourceTree = "<group>"; };
		340E504022121F0D00C06B88 /* EntryDetailViewController.m */ = {isa = PBXFileReference; lastKnownFileType = sourcecode.c.objc; path = EntryDetailViewController.m; sourceTree = "<group>"; };
/* End PBXFileReference section */

/* Begin PBXFrameworksBuildPhase section */
		340E50162212163600C06B88 /* Frameworks */ = {
			isa = PBXFrameworksBuildPhase;
			buildActionMask = 2147483647;
			files = (
			);
			runOnlyForDeploymentPostprocessing = 0;
		};
/* End PBXFrameworksBuildPhase section */

/* Begin PBXGroup section */
		340E50102212163600C06B88 = {
			isa = PBXGroup;
			children = (
				340E501B2212163600C06B88 /* JournalC */,
				340E501A2212163600C06B88 /* Products */,
			);
			sourceTree = "<group>";
		};
		340E501A2212163600C06B88 /* Products */ = {
			isa = PBXGroup;
			children = (
				340E50192212163600C06B88 /* JournalC.app */,
			);
			name = Products;
			sourceTree = "<group>";
		};
		340E501B2212163600C06B88 /* JournalC */ = {
			isa = PBXGroup;
			children = (
				340E503D22121EB800C06B88 /* ViewControllers */,
				340E503C22121E0C00C06B88 /* ModelController */,
				340E503B22121DFE00C06B88 /* Model */,
				340E50422212206400C06B88 /* Resources */,
				340E502B2212163700C06B88 /* main.m */,
			);
			path = JournalC;
			sourceTree = "<group>";
		};
		340E503B22121DFE00C06B88 /* Model */ = {
			isa = PBXGroup;
			children = (
				340E50352212167100C06B88 /* DVMEntry.h */,
				340E50362212167100C06B88 /* DVMEntry.m */,
			);
			path = Model;
			sourceTree = "<group>";
		};
		340E503C22121E0C00C06B88 /* ModelController */ = {
			isa = PBXGroup;
			children = (
				340E50322212164800C06B88 /* DVMEntryController.h */,
				340E50332212164800C06B88 /* DVMEntryController.m */,
			);
			path = ModelController;
			sourceTree = "<group>";
		};
		340E503D22121EB800C06B88 /* ViewControllers */ = {
			isa = PBXGroup;
			children = (
				340E5038221216D000C06B88 /* EntriesTableViewController.h */,
				340E5039221216D000C06B88 /* EntriesTableViewController.m */,
				340E503F22121F0D00C06B88 /* EntryDetailViewController.h */,
				340E504022121F0D00C06B88 /* EntryDetailViewController.m */,
			);
			path = ViewControllers;
			sourceTree = "<group>";
		};
		340E50422212206400C06B88 /* Resources */ = {
			isa = PBXGroup;
			children = (
				340E50442212207800C06B88 /* SourceCode */,
				340E50432212206F00C06B88 /* StoryBoards */,
			);
			path = Resources;
			sourceTree = "<group>";
		};
		340E50432212206F00C06B88 /* StoryBoards */ = {
			isa = PBXGroup;
			children = (
				340E50222212163600C06B88 /* Main.storyboard */,
				340E50272212163700C06B88 /* LaunchScreen.storyboard */,
			);
			path = StoryBoards;
			sourceTree = "<group>";
		};
		340E50442212207800C06B88 /* SourceCode */ = {
			isa = PBXGroup;
			children = (
				340E501C2212163600C06B88 /* AppDelegate.h */,
				340E501D2212163600C06B88 /* AppDelegate.m */,
				340E50252212163700C06B88 /* Assets.xcassets */,
				340E502A2212163700C06B88 /* Info.plist */,
			);
			path = SourceCode;
			sourceTree = "<group>";
		};
/* End PBXGroup section */

/* Begin PBXNativeTarget section */
		340E50182212163600C06B88 /* JournalC */ = {
			isa = PBXNativeTarget;
			buildConfigurationList = 340E502F2212163700C06B88 /* Build configuration list for PBXNativeTarget "JournalC" */;
			buildPhases = (
				340E50152212163600C06B88 /* Sources */,
				340E50162212163600C06B88 /* Frameworks */,
				340E50172212163600C06B88 /* Resources */,
			);
			buildRules = (
			);
			dependencies = (
			);
			name = JournalC;
			productName = JournalC;
			productReference = 340E50192212163600C06B88 /* JournalC.app */;
			productType = "com.apple.product-type.application";
		};
/* End PBXNativeTarget section */

/* Begin PBXProject section */
		340E50112212163600C06B88 /* Project object */ = {
			isa = PBXProject;
			attributes = {
				LastUpgradeCheck = 1010;
				ORGANIZATIONNAME = "Carlos Pendola";
				TargetAttributes = {
					340E50182212163600C06B88 = {
						CreatedOnToolsVersion = 10.1;
					};
				};
			};
			buildConfigurationList = 340E50142212163600C06B88 /* Build configuration list for PBXProject "JournalC" */;
			compatibilityVersion = "Xcode 9.3";
			developmentRegion = en;
			hasScannedForEncodings = 0;
			knownRegions = (
				en,
				Base,
			);
			mainGroup = 340E50102212163600C06B88;
			productRefGroup = 340E501A2212163600C06B88 /* Products */;
			projectDirPath = "";
			projectRoot = "";
			targets = (
				340E50182212163600C06B88 /* JournalC */,
			);
		};
/* End PBXProject section */

/* Begin PBXResourcesBuildPhase section */
		340E50172212163600C06B88 /* Resources */ = {
			isa = PBXResourcesBuildPhase;
			buildActionMask = 2147483647;
			files = (
				340E50292212163700C06B88 /* LaunchScreen.storyboard in Resources */,
				340E50262212163700C06B88 /* Assets.xcassets in Resources */,
				340E50242212163600C06B88 /* Main.storyboard in Resources */,
			);
			runOnlyForDeploymentPostprocessing = 0;
		};
/* End PBXResourcesBuildPhase section */

/* Begin PBXSourcesBuildPhase section */
		340E50152212163600C06B88 /* Sources */ = {
			isa = PBXSourcesBuildPhase;
			buildActionMask = 2147483647;
			files = (
				340E50372212167100C06B88 /* DVMEntry.m in Sources */,
				340E502C2212163700C06B88 /* main.m in Sources */,
				340E50342212164800C06B88 /* DVMEntryController.m in Sources */,
				340E503A221216D000C06B88 /* EntriesTableViewController.m in Sources */,
				340E504122121F0D00C06B88 /* EntryDetailViewController.m in Sources */,
				340E501E2212163600C06B88 /* AppDelegate.m in Sources */,
			);
			runOnlyForDeploymentPostprocessing = 0;
		};
/* End PBXSourcesBuildPhase section */

/* Begin PBXVariantGroup section */
		340E50222212163600C06B88 /* Main.storyboard */ = {
			isa = PBXVariantGroup;
			children = (
				340E50232212163600C06B88 /* Base */,
			);
			name = Main.storyboard;
			sourceTree = "<group>";
		};
		340E50272212163700C06B88 /* LaunchScreen.storyboard */ = {
			isa = PBXVariantGroup;
			children = (
				340E50282212163700C06B88 /* Base */,
			);
			name = LaunchScreen.storyboard;
			sourceTree = "<group>";
		};
/* End PBXVariantGroup section */

/* Begin XCBuildConfiguration section */
		340E502D2212163700C06B88 /* Debug */ = {
			isa = XCBuildConfiguration;
			buildSettings = {
				ALWAYS_SEARCH_USER_PATHS = NO;
				CLANG_ANALYZER_NONNULL = YES;
				CLANG_ANALYZER_NUMBER_OBJECT_CONVERSION = YES_AGGRESSIVE;
				CLANG_CXX_LANGUAGE_STANDARD = "gnu++14";
				CLANG_CXX_LIBRARY = "libc++";
				CLANG_ENABLE_MODULES = YES;
				CLANG_ENABLE_OBJC_ARC = YES;
				CLANG_ENABLE_OBJC_WEAK = YES;
				CLANG_WARN_BLOCK_CAPTURE_AUTORELEASING = YES;
				CLANG_WARN_BOOL_CONVERSION = YES;
				CLANG_WARN_COMMA = YES;
				CLANG_WARN_CONSTANT_CONVERSION = YES;
				CLANG_WARN_DEPRECATED_OBJC_IMPLEMENTATIONS = YES;
				CLANG_WARN_DIRECT_OBJC_ISA_USAGE = YES_ERROR;
				CLANG_WARN_DOCUMENTATION_COMMENTS = YES;
				CLANG_WARN_EMPTY_BODY = YES;
				CLANG_WARN_ENUM_CONVERSION = YES;
				CLANG_WARN_INFINITE_RECURSION = YES;
				CLANG_WARN_INT_CONVERSION = YES;
				CLANG_WARN_NON_LITERAL_NULL_CONVERSION = YES;
				CLANG_WARN_OBJC_IMPLICIT_RETAIN_SELF = YES;
				CLANG_WARN_OBJC_LITERAL_CONVERSION = YES;
				CLANG_WARN_OBJC_ROOT_CLASS = YES_ERROR;
				CLANG_WARN_RANGE_LOOP_ANALYSIS = YES;
				CLANG_WARN_STRICT_PROTOTYPES = YES;
				CLANG_WARN_SUSPICIOUS_MOVE = YES;
				CLANG_WARN_UNGUARDED_AVAILABILITY = YES_AGGRESSIVE;
				CLANG_WARN_UNREACHABLE_CODE = YES;
				CLANG_WARN__DUPLICATE_METHOD_MATCH = YES;
				CODE_SIGN_IDENTITY = "iPhone Developer";
				COPY_PHASE_STRIP = NO;
				DEBUG_INFORMATION_FORMAT = dwarf;
				ENABLE_STRICT_OBJC_MSGSEND = YES;
				ENABLE_TESTABILITY = YES;
				GCC_C_LANGUAGE_STANDARD = gnu11;
				GCC_DYNAMIC_NO_PIC = NO;
				GCC_NO_COMMON_BLOCKS = YES;
				GCC_OPTIMIZATION_LEVEL = 0;
				GCC_PREPROCESSOR_DEFINITIONS = (
					"DEBUG=1",
					"$(inherited)",
				);
				GCC_WARN_64_TO_32_BIT_CONVERSION = YES;
				GCC_WARN_ABOUT_RETURN_TYPE = YES_ERROR;
				GCC_WARN_UNDECLARED_SELECTOR = YES;
				GCC_WARN_UNINITIALIZED_AUTOS = YES_AGGRESSIVE;
				GCC_WARN_UNUSED_FUNCTION = YES;
				GCC_WARN_UNUSED_VARIABLE = YES;
				IPHONEOS_DEPLOYMENT_TARGET = 12.1;
				MTL_ENABLE_DEBUG_INFO = INCLUDE_SOURCE;
				MTL_FAST_MATH = YES;
				ONLY_ACTIVE_ARCH = YES;
				SDKROOT = iphoneos;
			};
			name = Debug;
		};
		340E502E2212163700C06B88 /* Release */ = {
			isa = XCBuildConfiguration;
			buildSettings = {
				ALWAYS_SEARCH_USER_PATHS = NO;
				CLANG_ANALYZER_NONNULL = YES;
				CLANG_ANALYZER_NUMBER_OBJECT_CONVERSION = YES_AGGRESSIVE;
				CLANG_CXX_LANGUAGE_STANDARD = "gnu++14";
				CLANG_CXX_LIBRARY = "libc++";
				CLANG_ENABLE_MODULES = YES;
				CLANG_ENABLE_OBJC_ARC = YES;
				CLANG_ENABLE_OBJC_WEAK = YES;
				CLANG_WARN_BLOCK_CAPTURE_AUTORELEASING = YES;
				CLANG_WARN_BOOL_CONVERSION = YES;
				CLANG_WARN_COMMA = YES;
				CLANG_WARN_CONSTANT_CONVERSION = YES;
				CLANG_WARN_DEPRECATED_OBJC_IMPLEMENTATIONS = YES;
				CLANG_WARN_DIRECT_OBJC_ISA_USAGE = YES_ERROR;
				CLANG_WARN_DOCUMENTATION_COMMENTS = YES;
				CLANG_WARN_EMPTY_BODY = YES;
				CLANG_WARN_ENUM_CONVERSION = YES;
				CLANG_WARN_INFINITE_RECURSION = YES;
				CLANG_WARN_INT_CONVERSION = YES;
				CLANG_WARN_NON_LITERAL_NULL_CONVERSION = YES;
				CLANG_WARN_OBJC_IMPLICIT_RETAIN_SELF = YES;
				CLANG_WARN_OBJC_LITERAL_CONVERSION = YES;
				CLANG_WARN_OBJC_ROOT_CLASS = YES_ERROR;
				CLANG_WARN_RANGE_LOOP_ANALYSIS = YES;
				CLANG_WARN_STRICT_PROTOTYPES = YES;
				CLANG_WARN_SUSPICIOUS_MOVE = YES;
				CLANG_WARN_UNGUARDED_AVAILABILITY = YES_AGGRESSIVE;
				CLANG_WARN_UNREACHABLE_CODE = YES;
				CLANG_WARN__DUPLICATE_METHOD_MATCH = YES;
				CODE_SIGN_IDENTITY = "iPhone Developer";
				COPY_PHASE_STRIP = NO;
				DEBUG_INFORMATION_FORMAT = "dwarf-with-dsym";
				ENABLE_NS_ASSERTIONS = NO;
				ENABLE_STRICT_OBJC_MSGSEND = YES;
				GCC_C_LANGUAGE_STANDARD = gnu11;
				GCC_NO_COMMON_BLOCKS = YES;
				GCC_WARN_64_TO_32_BIT_CONVERSION = YES;
				GCC_WARN_ABOUT_RETURN_TYPE = YES_ERROR;
				GCC_WARN_UNDECLARED_SELECTOR = YES;
				GCC_WARN_UNINITIALIZED_AUTOS = YES_AGGRESSIVE;
				GCC_WARN_UNUSED_FUNCTION = YES;
				GCC_WARN_UNUSED_VARIABLE = YES;
				IPHONEOS_DEPLOYMENT_TARGET = 12.1;
				MTL_ENABLE_DEBUG_INFO = NO;
				MTL_FAST_MATH = YES;
				SDKROOT = iphoneos;
				VALIDATE_PRODUCT = YES;
			};
			name = Release;
		};
		340E50302212163700C06B88 /* Debug */ = {
			isa = XCBuildConfiguration;
			buildSettings = {
				ASSETCATALOG_COMPILER_APPICON_NAME = AppIcon;
				CODE_SIGN_STYLE = Automatic;
				DEVELOPMENT_TEAM = CC2FU4U4ZR;
				INFOPLIST_FILE = "$(SRCROOT)/JournalC/Resources/SourceCode/Info.plist";
				LD_RUNPATH_SEARCH_PATHS = (
					"$(inherited)",
					"@executable_path/Frameworks",
				);
				PRODUCT_BUNDLE_IDENTIFIER = com.cjpendola.JournalC;
				PRODUCT_NAME = "$(TARGET_NAME)";
				TARGETED_DEVICE_FAMILY = "1,2";
			};
			name = Debug;
		};
		340E50312212163700C06B88 /* Release */ = {
			isa = XCBuildConfiguration;
			buildSettings = {
				ASSETCATALOG_COMPILER_APPICON_NAME = AppIcon;
				CODE_SIGN_STYLE = Automatic;
				DEVELOPMENT_TEAM = CC2FU4U4ZR;
				INFOPLIST_FILE = "$(SRCROOT)/JournalC/Resources/SourceCode/Info.plist";
				LD_RUNPATH_SEARCH_PATHS = (
					"$(inherited)",
					"@executable_path/Frameworks",
				);
				PRODUCT_BUNDLE_IDENTIFIER = com.cjpendola.JournalC;
				PRODUCT_NAME = "$(TARGET_NAME)";
				TARGETED_DEVICE_FAMILY = "1,2";
			};
			name = Release;
		};
/* End XCBuildConfiguration section */

/* Begin XCConfigurationList section */
		340E50142212163600C06B88 /* Build configuration list for PBXProject "JournalC" */ = {
			isa = XCConfigurationList;
			buildConfigurations = (
				340E502D2212163700C06B88 /* Debug */,
				340E502E2212163700C06B88 /* Release */,
			);
			defaultConfigurationIsVisible = 0;
			defaultConfigurationName = Release;
		};
		340E502F2212163700C06B88 /* Build configuration list for PBXNativeTarget "JournalC" */ = {
			isa = XCConfigurationList;
			buildConfigurations = (
				340E50302212163700C06B88 /* Debug */,
				340E50312212163700C06B88 /* Release */,
			);
			defaultConfigurationIsVisible = 0;
			defaultConfigurationName = Release;
		};
/* End XCConfigurationList section */
	};
	rootObject = 340E50112212163600C06B88 /* Project object */;
}
